{
  "nodes": {
    "naersk": {
      "inputs": {
        "nixpkgs": [
          "nixpkgs"
        ]
      },
      "locked": {
        "lastModified": 1653413650,
        "narHash": "sha256-wojDHjb+eU80MPH+3HQaK0liUy8EgR95rvmCl24i58Y=",
        "owner": "nmattia",
        "repo": "naersk",
        "rev": "69daaceebe12c070cd5ae69ba38f277bbf033695",
        "type": "github"
      },
      "original": {
        "owner": "nmattia",
        "repo": "naersk",
        "type": "github"
      }
    },
    "nixpkgs": {
      "locked": {
        "lastModified": 1654360807,
        "narHash": "sha256-wYG86PUkPZ1P/oHsCpepTkb/U26poaEPPp1XFjRsgdA=",
        "owner": "NixOS",
        "repo": "nixpkgs",
        "rev": "d9794b04bffb468b886c553557489977ae5f4c65",
        "type": "github"
      },
      "original": {
        "owner": "NixOS",
        "ref": "nixos-22.05",
        "repo": "nixpkgs",
        "type": "github"
      }
    },
    "root": {
      "inputs": {
        "naersk": "naersk",
        "nixpkgs": "nixpkgs"
      }
    }
  },
  "root": "root",
  "version": 7
}
