{
  "nodes": {
    "naersk": {
      "inputs": {
        "nixpkgs": [
          "nixpkgs"
        ]
      },
      "locked": {
        "lastModified": 1733346208,
        "narHash": "sha256-a4WZp1xQkrnA4BbnKrzJNr+dYoQr5Xneh2syJoddFyE=",
        "owner": "nmattia",
        "repo": "naersk",
        "rev": "378614f37a6bee5a3f2ef4f825a73d948d3ae921",
        "type": "github"
      },
      "original": {
        "owner": "nmattia",
        "repo": "naersk",
        "type": "github"
      }
    },
    "nixpkgs": {
      "locked": {
        "lastModified": 1735523292,
        "narHash": "sha256-opBsbR/nrGxiiF6XzlVluiHYb6yN/hEwv+lBWTy9xoM=",
        "owner": "NixOS",
        "repo": "nixpkgs",
        "rev": "6d97d419e5a9b36e6293887a89a078cf85f5a61b",
        "type": "github"
      },
      "original": {
        "owner": "NixOS",
        "ref": "nixpkgs-unstable",
        "repo": "nixpkgs",
        "type": "github"
      }
    },
    "root": {
      "inputs": {
        "naersk": "naersk",
        "nixpkgs": "nixpkgs"
      }
    }
  },
  "root": "root",
  "version": 7
}
